
Microsoft Visual Studio Solution File, Format Version 12.00
# Visual Studio Version 17
VisualStudioVersion = 17.9.34622.214
MinimumVisualStudioVersion = 10.0.40219.1
Project("{FAE04EC0-301F-11D3-BF4B-00C04F79EFBC}") = "Project", "Project\Project.csproj", "{ABA507B5-83F2-4213-8C4D-864F6D6F1069}"
EndProject
Global
	GlobalSection(SolutionConfigurationPlatforms) = preSolution
		Debug|Any CPU = Debug|Any CPU
		Release|Any CPU = Release|Any CPU
	EndGlobalSection
	GlobalSection(ProjectConfigurationPlatforms) = postSolution
		{ABA507B5-83F2-4213-8C4D-864F6D6F1069}.Debug|Any CPU.ActiveCfg = Debug|Any CPU
		{ABA507B5-83F2-4213-8C4D-864F6D6F1069}.Debug|Any CPU.Build.0 = Debug|Any CPU
		{ABA507B5-83F2-4213-8C4D-864F6D6F1069}.Release|Any CPU.ActiveCfg = Release|Any CPU
		{ABA507B5-83F2-4213-8C4D-864F6D6F1069}.Release|Any CPU.Build.0 = Release|Any CPU
	EndGlobalSection
	GlobalSection(SolutionProperties) = preSolution
		HideSolutionNode = FALSE
	EndGlobalSection
	GlobalSection(ExtensibilityGlobals) = postSolution
		SolutionGuid = {C9FB9CFC-83E7-4948-98FA-05B2E56E8721}
	EndGlobalSection
EndGlobal
